github.com/davecgh/go-spew v1.1.0/go.mod h1:J7Y8YcW2NihsgmVo/mv3lAwl/skON4iLHjSsI+c5H38=
github.com/davecgh/go-spew v1.1.1 h1:vj9j/u1bqnvCEfJOwUhtlOARqs3+rkHYY13jYWTU97c=
github.com/davecgh/go-spew v1.1.1/go.mod h1:J7Y8YcW2NihsgmVo/mv3lAwl/skON4iLHjSsI+c5H38=
github.com/felixge/httpsnoop v1.0.4 h1:NFTV2Zj1bL4mc9sqWACXbQFVBBg2W3GPvqp8/ESS2Wg=
github.com/felixge/httpsnoop v1.0.4/go.mod h1:m8KPJKqk1gH5J9DgRY2ASl2lWCfGKXixSwevea8zH2U=
github.com/google/uuid v1.1.1 h1:Gkbcsh/GbpXz7lPftLA3P6TYMwjCLYm83jiFQZF/3gY=
github.com/google/uuid v1.1.1/go.mod h1:TIyPZe4MgqvfeYDBFedMoGGpEw/LqOeaOT+nhxU+yHo=
github.com/gregjones/httpcache v0.0.0-20171119193500-2bcd89a1743f h1:kOkUP6rcVVqC+KlKKENKtgfFfJyDySYhqL9srXooghY=
github.com/gregjones/httpcache v0.0.0-20171119193500-2bcd89a1743f/go.mod h1:FecbI9+v66THATjSRHfNgh1IVFe/9kFxbXtjV0ctIMA=
github.com/karlseguin/expect v1.0.2-0.20190806010014-778a5f0c6003 h1:vJ0Snvo+SLMY72r5J4sEfkuE7AFbixEP2qRbEcum/wA=
github.com/karlseguin/expect v1.0.2-0.20190806010014-778a5f0c6003/go.mod h1:zNBxMY8P21owkeogJELCLeHIt+voOSduHYTFUbwRAV8=
github.com/kr/pretty v0.3.1 h1:flRD4NNwYAUpkphVc1HcthR4KEIFJ65n8Mw5qdRn3LE=
github.com/kr/pretty v0.3.1/go.mod h1:hoEshYVHaxMs3cyo3Yncou5ZscifuDolrwPKZanG3xk=
github.com/kr/text v0.2.0 h1:5Nx0Ya0ZqY2ygV366QzturHI13Jq95ApcVaJBhpS+AY=
github.com/kr/text v0.2.0/go.mod h1:eLer722TekiGuMkidMxC/pM04lWEeraHUUmBw8l2grE=
github.com/launchdarkly/ccache v1.1.0 h1:voD1M+ZJXR3MREOKtBwgTF9hYHl1jg+vFKS/+VAkR2k=
github.com/launchdarkly/ccache v1.1.0/go.mod h1:TlxzrlnzvYeXiLHmesMuvoZetu4Z97cV1SsdqqBJi1Q=
github.com/launchdarkly/eventsource v1.10.0 h1:H9Tp6AfGu/G2qzBJC26iperrvwhzdbiA/gx7qE2nDFI=
github.com/launchdarkly/eventsource v1.10.0/go.mod h1:J3oa50bPvJesZqNAJtb5btSIo5N6roDWhiAS3IpsKck=
github.com/launchdarkly/go-jsonstream/v4 v4.0.0 h1:k33tuR18RtCmY27RYAJGNVjpGSdXhUiiyvGdX3zb2kE=
github.com/launchdarkly/go-jsonstream/v4 v4.0.0/go.mod h1:OirC9Dp9TA0HC6Tx8Jc9LcJEIUSXiPrA64leC6ztzgQ=
github.com/launchdarkly/go-sdk-common/v4 v4.0.0 h1:hN8b0RSUKFQRJJwfhPx6//jrIoqb/XpZa7elgv7X4Rc=
github.com/launchdarkly/go-sdk-common/v4 v4.0.0/go.mod h1:63/i9XBMWoHRUCcRdYpeDrFGJAawpTgwFD53knn5M18=
github.com/launchdarkly/go-sdk-events/v3 v3.6.1 h1:9G0h7E03DpQtcOmofjm8Xumq/Epi8DxBcP8OETNr8b8=
github.com/launchdarkly/go-sdk-events/v3 v3.6.1/go.mod h1:P0by/G7koBlFu398iAy+eG3jIVdqFQlyb1UpZUUC4HE=
github.com/launchdarkly/go-semver v1.0.3 h1:agIy/RN3SqeQDIfKkl+oFslEdeIs7pgsJBs3CdCcGQM=
github.com/launchdarkly/go-semver v1.0.3/go.mod h1:xFmMwXba5Mb+3h72Z+VeSs9ahCvKo2QFUTHRNHVqR28=
github.com/launchdarkly/go-server-sdk-evaluation/v4 v4.0.0 h1:p66IaTRGgZ0fONBzZ6Ilvlg776nHwM/B4YGSIjFQ7qw=
github.com/launchdarkly/go-server-sdk-evaluation/v4 v4.0.0/go.mod h1:vLWxdBnXoz3SbhbzAs3oZgr5NjW0XH2Oa+O1Ad6OygI=
github.com/launchdarkly/go-test-helpers/v3 v3.1.0 h1:E3bxJMzMoA+cJSF3xxtk2/chr1zshl1ZWa0/oR+8bvg=
github.com/launchdarkly/go-test-helpers/v3 v3.1.0/go.mod h1:Ake5+hZFS/DmIGKx/cizhn5W9pGA7pplcR7xCxWiLIo=
github.com/patrickmn/go-cache v2.1.0+incompatible h1:HRMgzkcYKYpi3C8ajMPV8OFXaaRUnok+kx1WdO15EQc=
github.com/patrickmn/go-cache v2.1.0+incompatible/go.mod h1:3Qf8kWWT7OJRJbdiICTKqZju1ZixQ/KpMGzzAfe6+WQ=
github.com/pmezard/go-difflib v1.0.0 h1:4DBwDE0NGyQoBHbLQYPwSUPoCMWR5BEzIk/f1lZbAQM=
github.com/pmezard/go-difflib v1.0.0/go.mod h1:iKH77koFhYxTK1pcRnkKkqfTogsbg7gZNVY4sRDYZ/4=
github.com/rogpeppe/go-internal v1.9.0 h1:73kH8U+JUqXU8lRuOHeVHaa/SZPifC7BkcraZVejAe8=
github.com/rogpeppe/go-internal v1.9.0/go.mod h1:WtVeX8xhTBvf0smdhujwtBcq4Qrzq/fJaraNFVN+nFs=
github.com/stretchr/objx v0.1.0/go.mod h1:HFkY916IF+rwdDfMAkV7OtwuqBVzrE8GR6GFx+wExME=
github.com/stretchr/testify v1.6.1/go.mod h1:6Fq8oRcR53rry900zMqJjRRixrwX3KX962/h/Wwjteg=
github.com/stretchr/testify v1.9.0 h1:HtqpIVDClZ4nwg75+f6Lvsy/wHu+3BoSGCbBAcpTsTg=
github.com/stretchr/testify v1.9.0/go.mod h1:r2ic/lqez/lEtzL7wO/rwa5dbSLXVDPFyf8C91i36aY=
github.com/wsxiaoys/terminal v0.0.0-20160513160801-0940f3fc43a0 h1:3UeQBvD0TFrlVjOeLOBz+CPAI8dnbqNSVwUwRrkp7vQ=
github.com/wsxiaoys/terminal v0.0.0-20160513160801-0940f3fc43a0/go.mod h1:IXCdmsXIht47RaVFLEdVnh1t+pgYtTAhQGj73kz+2DM=
golang.org/x/sync v0.8.0 h1:3NFvSEYkUoMifnESzZl15y791HH1qU2xm6eCJU5ZPXQ=
golang.org/x/sync v0.8.0/go.mod h1:Czt+wKu1gCyEFDUtn0jG5QVvpJ6rzVqr5aXyt9drQfk=
gopkg.in/check.v1 v0.0.0-20161208181325-20d25e280405/go.mod h1:Co6ibVJAznAaIkqp8huTwlJQCZ016jof/cbN4VW5Yz0=
gopkg.in/check.v1 v1.0.0-20201130134442-10cb98267c6c h1:Hei/4ADfdWqJk1ZMxUNpqntNwaWcugrBjAiHlqqRiVk=
gopkg.in/check.v1 v1.0.0-20201130134442-10cb98267c6c/go.mod h1:JHkPIbrfpd72SG/EVd6muEfDQjcINNoR0C8j2r3qZ4Q=
gopkg.in/ghodss/yaml.v1 v1.0.0 h1:JlY4R6oVz+ZSvcDhVfNQ/k/8Xo6yb2s1PBhslPZPX4c=
gopkg.in/ghodss/yaml.v1 v1.0.0/go.mod h1:HDvRMPQLqycKPs9nWLuzZWxsxRzISLCRORiDpBUOMqg=
gopkg.in/yaml.v2 v2.3.0 h1:clyUAQHOM3G0M3f5vQj7LuJrETvjVot3Z5el9nffUtU=
gopkg.in/yaml.v2 v2.3.0/go.mod h1:hI93XBmqTisBFMUTm0b8Fm+jr3Dg1NNxqwp+5A1VGuI=
gopkg.in/yaml.v3 v3.0.0-20200313102051-9f266ea9e77c/go.mod h1:K4uyk7z7BCEPqu6E+C64Yfv1cQ7kz7rIZviUmN+EgEM=
gopkg.in/yaml.v3 v3.0.1 h1:fxVm/GzAzEWqLHuvctI91KS9hhNmmWOoWu0XTYJS7CA=
gopkg.in/yaml.v3 v3.0.1/go.mod h1:K4uyk7z7BCEPqu6E+C64Yfv1cQ7kz7rIZviUmN+EgEM=
