github.com/armon/circbuf v0.0.0-20150827004946-bbbad097214e/go.mod h1:3U/XgcO3hCbHZ8TKRvWD2dDTCfh9M9ya+I9JpbB7O8o=
github.com/armon/go-metrics v0.0.0-20180917152333-f0300d1749da h1:8GUt8eRujhVEGZFFEjBj46YV4rDjvGrNxb0KMWYkL2I=
github.com/armon/go-metrics v0.0.0-20180917152333-f0300d1749da/go.mod h1:Q73ZrmVTwzkszR9V5SSuryQ31EELlFMUz1kKyl939pY=
github.com/armon/go-radix v0.0.0-20180808171621-7fddfc383310/go.mod h1:ufUuZ+zHj4x4TnLV4JWEpy2hxWSpsRywHrMgIH9cCH8=
github.com/armon/go-radix v1.0.0/go.mod h1:ufUuZ+zHj4x4TnLV4JWEpy2hxWSpsRywHrMgIH9cCH8=
github.com/aws/aws-sdk-go-v2 v1.16.14 h1:db6GvO4Z2UqHt5gvT0lr6J5x5P+oQ7bdRzczVaRekMU=
github.com/aws/aws-sdk-go-v2 v1.16.14/go.mod h1:s/G+UV29dECbF5rf+RNj1xhlmvoNurGSr+McVSRj59w=
github.com/aws/aws-sdk-go-v2/config v1.17.5 h1:+NS1BWvprx7nHcIk5o32LrZgifs/7Pm1V2nWjQgZ2H0=
github.com/aws/aws-sdk-go-v2/config v1.17.5/go.mod h1:H0cvPNDO3uExWts/9PDhD/0ne2esu1uaIulwn1vkwxM=
github.com/aws/aws-sdk-go-v2/credentials v1.12.18 h1:HF62tbhARhgLfvmfwUbL9qZ+dkbZYzbFdxBb3l5gr7Q=
github.com/aws/aws-sdk-go-v2/credentials v1.12.18/go.mod h1:O7n/CPagQ33rfG6h7vR/W02ammuc5CrsSM22cNZp9so=
github.com/aws/aws-sdk-go-v2/feature/ec2/imds v1.12.15 h1:nkQ+aI0OCeYfzrBipL6ja/6VEbUnHQoZHBHtoK+Nzxw=
github.com/aws/aws-sdk-go-v2/feature/ec2/imds v1.12.15/go.mod h1:Oz2/qWINxIgSmoZT9adpxJy2UhpcOAI3TIyWgYMVSz0=
github.com/aws/aws-sdk-go-v2/internal/configsources v1.1.21 h1:gRIXnmAVNyoRQywdNtpAkgY+f30QNzgF53Q5OobNZZs=
github.com/aws/aws-sdk-go-v2/internal/configsources v1.1.21/go.mod h1:XsmHMV9c512xgsW01q7H0ut+UQQQpWX8QsFbdLHDwaU=
github.com/aws/aws-sdk-go-v2/internal/endpoints/v2 v2.4.15 h1:noAhOo2mMDyYhTx99aYPvQw16T3fQ/DiKAv9fzpIKH8=
github.com/aws/aws-sdk-go-v2/internal/endpoints/v2 v2.4.15/go.mod h1:kjJ4CyD9M3Wq88GYg3IPfj67Rs0Uvz8aXK7MJ8BvE4I=
github.com/aws/aws-sdk-go-v2/internal/ini v1.3.22 h1:nF+E8HfYpOMw6M5oA9efB602VC00IHNQnB5CmFvZPvA=
github.com/aws/aws-sdk-go-v2/internal/ini v1.3.22/go.mod h1:tltHVGy977LrSOgRR5aV9+miyno/Gul/uJNPKS7FzP4=
github.com/aws/aws-sdk-go-v2/service/dynamodb v1.16.4 h1:mAZdz3kvGBWC0feqQcpUF9trQ0d1qmJVNrcUv6eneIo=
github.com/aws/aws-sdk-go-v2/service/dynamodb v1.16.4/go.mod h1:xDs8FfL3lHGCYWb0ytqxjIKT5AYLY/Oi9Mh8BV0nkLg=
github.com/aws/aws-sdk-go-v2/service/internal/accept-encoding v1.9.8 h1:NpixDFjwr1BZg2459mX07NZnVYGGp62Lb6AtVGOLNlo=
github.com/aws/aws-sdk-go-v2/service/internal/accept-encoding v1.9.8/go.mod h1:MJUgrBPfGB4yk2uWoImVqd9cklry1hATyJV/7gJ6JTk=
github.com/aws/aws-sdk-go-v2/service/internal/endpoint-discovery v1.7.15 h1:cglph/vzXji9hnXhlWq2bVkPU0qofeOCV/Jv7AWGEh4=
github.com/aws/aws-sdk-go-v2/service/internal/endpoint-discovery v1.7.15/go.mod h1:NNBwPIB0wjkpeeQztU3FRD8O8T77MCrObyC1RiHf6G8=
github.com/aws/aws-sdk-go-v2/service/internal/presigned-url v1.9.15 h1:xlf0J6DUgAj/ocvKQxCmad8Bu1lJuRbt5Wu+4G1xw1g=
github.com/aws/aws-sdk-go-v2/service/internal/presigned-url v1.9.15/go.mod h1:ZVJ7ejRl4+tkWMuCwjXoy0jd8fF5u3RCyWjSVjUIvQE=
github.com/aws/aws-sdk-go-v2/service/sso v1.11.21 h1:7jUFr+7F4MzIjCZzy7ygRtXFQcQ0kAbT0gUvtUeAdyU=
github.com/aws/aws-sdk-go-v2/service/sso v1.11.21/go.mod h1:q8nYq51W3gpZempYsAD83fPRlrOTMCwN+Ahg4BKFTXQ=
github.com/aws/aws-sdk-go-v2/service/ssooidc v1.13.3 h1:UTTPNP3/WzZa7hoHP3Szb/Yl0bM3NoBrf5ABy1OArUM=
github.com/aws/aws-sdk-go-v2/service/ssooidc v1.13.3/go.mod h1:+IF75RMJh0+zqTGXGshyEGRsU2ImqWv6UuHGkHl6kEo=
github.com/aws/aws-sdk-go-v2/service/sts v1.16.17 h1:LVM2jzEQ8mhb2dhrFl4PJ3sa5+KcKT01dsMk2Ma9/FU=
github.com/aws/aws-sdk-go-v2/service/sts v1.16.17/go.mod h1:bQujK1n0V1D1Gz5uII1jaB1WDvhj4/T3tElsJnVXCR0=
github.com/aws/smithy-go v1.13.2 h1:TBLKyeJfXTrTXRHmsv4qWt9IQGYyWThLYaJWSahTOGE=
github.com/aws/smithy-go v1.13.2/go.mod h1:Tg+OJXh4MB2R/uN61Ko2f6hTZwB/ZYGOtib8J3gBHzA=
github.com/bgentry/speakeasy v0.1.0/go.mod h1:+zsyZBPWlz7T6j88CTgSN5bM796AkVf0kBD4zp0CCIs=
github.com/bsm/ginkgo/v2 v2.5.0 h1:aOAnND1T40wEdAtkGSkvSICWeQ8L3UASX7YVCqQx+eQ=
github.com/bsm/ginkgo/v2 v2.5.0/go.mod h1:AiKlXPm7ItEHNc/2+OkrNG4E0ITzojb9/xWzvQ9XZ9w=
github.com/bsm/gomega v1.20.0 h1:JhAwLmtRzXFTx2AkALSLa8ijZafntmhSoU63Ok18Uq8=
github.com/bsm/gomega v1.20.0/go.mod h1:JifAceMQ4crZIWYUKrlGcmbN3bqHogVTADMD2ATsbwk=
github.com/cespare/xxhash/v2 v2.2.0 h1:DC2CZ1Ep5Y4k3ZQ899DldepgrayRUGE6BBZ/cd9Cj44=
github.com/cespare/xxhash/v2 v2.2.0/go.mod h1:VGX0DQ3Q6kWi7AoAeZDth3/j3BFtOZR5XLFGgcrjCOs=
github.com/davecgh/go-spew v1.1.0/go.mod h1:J7Y8YcW2NihsgmVo/mv3lAwl/skON4iLHjSsI+c5H38=
github.com/davecgh/go-spew v1.1.1 h1:vj9j/u1bqnvCEfJOwUhtlOARqs3+rkHYY13jYWTU97c=
github.com/davecgh/go-spew v1.1.1/go.mod h1:J7Y8YcW2NihsgmVo/mv3lAwl/skON4iLHjSsI+c5H38=
github.com/dgryski/go-rendezvous v0.0.0-20200823014737-9f7001d12a5f h1:lO4WD4F/rVNCu3HqELle0jiPLLBs70cWOduZpkS1E78=
github.com/dgryski/go-rendezvous v0.0.0-20200823014737-9f7001d12a5f/go.mod h1:cuUVRXasLTGF7a8hSLbxyZXjz+1KgoB3wDUb6vlszIc=
github.com/fatih/color v1.7.0/go.mod h1:Zm6kSWBoL9eyXnKyktHP6abPY2pDugNf5KwzbycvMj4=
github.com/fatih/color v1.9.0 h1:8xPHl4/q1VyqGIPif1F+1V3Y3lSmrq01EabUW3CoW5s=
github.com/fatih/color v1.9.0/go.mod h1:eQcE1qtQxscV5RaZvpXrrb8Drkc3/DdQ+uUYCNjL+zU=
github.com/google/btree v0.0.0-20180813153112-4030bb1f1f0c h1:964Od4U6p2jUkFxvCydnIczKteheJEzHRToSGK3Bnlw=
github.com/google/btree v0.0.0-20180813153112-4030bb1f1f0c/go.mod h1:lNA+9X1NB3Zf8V7Ke586lFgjr2dZNuvo3lPJSGZ5JPQ=
github.com/google/go-cmp v0.5.8 h1:e6P7q2lk1O+qJJb4BtCQXlK8vWEO8V1ZeuEdJNOqZyg=
github.com/google/go-cmp v0.5.8/go.mod h1:17dUlkBOakJ0+DkrSSNjCkIjxS6bF9zb3elmeNGIjoY=
github.com/google/uuid v1.1.1 h1:Gkbcsh/GbpXz7lPftLA3P6TYMwjCLYm83jiFQZF/3gY=
github.com/google/uuid v1.1.1/go.mod h1:TIyPZe4MgqvfeYDBFedMoGGpEw/LqOeaOT+nhxU+yHo=
github.com/gorilla/mux v1.8.0 h1:i40aqfkR1h2SlN9hojwV5ZA91wcXFOvkdNIeFDP5koI=
github.com/gorilla/mux v1.8.0/go.mod h1:DVbg23sWSpFRCP0SfiEN6jmj59UnW/n46BH5rLB71So=
github.com/gregjones/httpcache v0.0.0-20171119193500-2bcd89a1743f h1:kOkUP6rcVVqC+KlKKENKtgfFfJyDySYhqL9srXooghY=
github.com/gregjones/httpcache v0.0.0-20171119193500-2bcd89a1743f/go.mod h1:FecbI9+v66THATjSRHfNgh1IVFe/9kFxbXtjV0ctIMA=
github.com/hashicorp/consul/api v1.12.0 h1:k3y1FYv6nuKyNTqj6w9gXOx5r5CfLj/k/euUeBXj1OY=
github.com/hashicorp/consul/api v1.12.0/go.mod h1:6pVBMo0ebnYdt2S3H87XhekM/HHrUoTD2XXb/VrZVy0=
github.com/hashicorp/consul/sdk v0.8.0 h1:OJtKBtEjboEZvG6AOUdh4Z1Zbyu0WcxQ0qatRrZHTVU=
github.com/hashicorp/consul/sdk v0.8.0/go.mod h1:GBvyrGALthsZObzUGsfgHZQDXjg4lOjagTIwIR1vPms=
github.com/hashicorp/errwrap v1.0.0 h1:hLrqtEDnRye3+sgx6z4qVLNuviH3MR5aQ0ykNJa/UYA=
github.com/hashicorp/errwrap v1.0.0/go.mod h1:YH+1FKiLXxHSkmPseP+kNlulaMuP3n2brvKWEqk/Jc4=
github.com/hashicorp/go-cleanhttp v0.5.1 h1:dH3aiDG9Jvb5r5+bYHsikaOUIpcM0xvgMXVoDkXMzJM=
github.com/hashicorp/go-cleanhttp v0.5.1/go.mod h1:JpRdi6/HCYpAwUzNwuwqhbovhLtngrth3wmdIIUrZ80=
github.com/hashicorp/go-hclog v0.12.0 h1:d4QkX8FRTYaKaCZBoXYY8zJX2BXjWxurN/GA2tkrmZM=
github.com/hashicorp/go-hclog v0.12.0/go.mod h1:whpDNt7SSdeAju8AWKIWsul05p54N/39EeqMAyrmvFQ=
github.com/hashicorp/go-immutable-radix v1.0.0 h1:AKDB1HM5PWEA7i4nhcpwOrO2byshxBjXVn/J/3+z5/0=
github.com/hashicorp/go-immutable-radix v1.0.0/go.mod h1:0y9vanUI8NX6FsYoO3zeMjhV/C5i9g4Q3DwcSNZ4P60=
github.com/hashicorp/go-msgpack v0.5.3 h1:zKjpN5BK/P5lMYrLmBHdBULWbJ0XpYR+7NGzqkZzoD4=
github.com/hashicorp/go-msgpack v0.5.3/go.mod h1:ahLV/dePpqEmjfWmKiqvPkv/twdG7iPBM1vqhUKIvfM=
github.com/hashicorp/go-multierror v1.0.0/go.mod h1:dHtQlpGsu+cZNNAkkCN/P3hoUDHhCYQXV3UM06sGGrk=
github.com/hashicorp/go-multierror v1.1.0 h1:B9UzwGQJehnUY1yNrnwREHc3fGbC2xefo8g4TbElacI=
github.com/hashicorp/go-multierror v1.1.0/go.mod h1:spPvp8C1qA32ftKqdAHm4hHTbPw+vmowP0z+KUhOZdA=
github.com/hashicorp/go-rootcerts v1.0.2 h1:jzhAVGtqPKbwpyCPELlgNWhE1znq+qwJtW5Oi2viEzc=
github.com/hashicorp/go-rootcerts v1.0.2/go.mod h1:pqUvnprVnM5bf7AOirdbb01K4ccR319Vf4pU3K5EGc8=
github.com/hashicorp/go-sockaddr v1.0.0 h1:GeH6tui99pF4NJgfnhp+L6+FfobzVW3Ah46sLo0ICXs=
github.com/hashicorp/go-sockaddr v1.0.0/go.mod h1:7Xibr9yA9JjQq1JpNB2Vw7kxv8xerXegt+ozgdvDeDU=
github.com/hashicorp/go-syslog v1.0.0/go.mod h1:qPfqrKkXGihmCqbJM2mZgkZGvKG1dFdvsLplgctolz4=
github.com/hashicorp/go-uuid v1.0.0/go.mod h1:6SBZvOh/SIDV7/2o3Jml5SYk/TvGqwFJ/bN7x4byOro=
github.com/hashicorp/go-uuid v1.0.1 h1:fv1ep09latC32wFoVwnqcnKJGnMSdBanPczbHAYm1BE=
github.com/hashicorp/go-uuid v1.0.1/go.mod h1:6SBZvOh/SIDV7/2o3Jml5SYk/TvGqwFJ/bN7x4byOro=
github.com/hashicorp/golang-lru v0.5.0 h1:CL2msUPvZTLb5O648aiLNJw3hnBxN2+1Jq8rCOH9wdo=
github.com/hashicorp/golang-lru v0.5.0/go.mod h1:/m3WP610KZHVQ1SGc6re/UDhFvYD7pJ4Ao+sR/qLZy8=
github.com/hashicorp/logutils v1.0.0/go.mod h1:QIAnNjmIWmVIIkWDTG1z5v++HQmx9WQRO+LraFDTW64=
github.com/hashicorp/mdns v1.0.4/go.mod h1:mtBihi+LeNXGtG8L9dX59gAEa12BDtBQSp4v/YAJqrc=
github.com/hashicorp/memberlist v0.3.0 h1:8+567mCcFDnS5ADl7lrpxPMWiFCElyUEeW0gtj34fMA=
github.com/hashicorp/memberlist v0.3.0/go.mod h1:MS2lj3INKhZjWNqd3N0m3J+Jxf3DAOnAH9VT3Sh9MUE=
github.com/hashicorp/serf v0.9.6 h1:uuEX1kLR6aoda1TBttmJQKDLZE1Ob7KN0NPdE7EtCDc=
github.com/hashicorp/serf v0.9.6/go.mod h1:TXZNMjZQijwlDvp+r0b63xZ45H7JmCmgg4gpTwn9UV4=
github.com/jmespath/go-jmespath v0.4.0 h1:BEgLn5cpjn8UN1mAw4NjwDrS35OdebyEtFe+9YPoQUg=
github.com/jmespath/go-jmespath v0.4.0/go.mod h1:T8mJZnbsbmF+m6zOOFylbeCJqk5+pHWvzYPziyZiYoo=
github.com/jmespath/go-jmespath/internal/testify v1.5.1 h1:shLQSRRSCCPj3f2gpwzGwWFoC7ycTf1rcQZHOlsJ6N8=
github.com/jmespath/go-jmespath/internal/testify v1.5.1/go.mod h1:L3OGu8Wl2/fWfCI6z80xFu9LTZmf1ZRjMHUOPmWr69U=
github.com/josharian/intern v1.0.0 h1:vlS4z54oSdjm0bgjRigI+G1HpF+tI+9rE5LLzOg8HmY=
github.com/josharian/intern v1.0.0/go.mod h1:5DoeVV0s6jJacbCEi61lwdGj/aVlrQvzHFFd8Hwg//Y=
github.com/karlseguin/expect v1.0.2-0.20190806010014-778a5f0c6003 h1:vJ0Snvo+SLMY72r5J4sEfkuE7AFbixEP2qRbEcum/wA=
github.com/karlseguin/expect v1.0.2-0.20190806010014-778a5f0c6003/go.mod h1:zNBxMY8P21owkeogJELCLeHIt+voOSduHYTFUbwRAV8=
github.com/kr/pretty v0.2.0/go.mod h1:ipq/a2n7PKx3OHsz4KJII5eveXtPO4qwEXGdVfWzfnI=
github.com/kr/pty v1.1.1/go.mod h1:pFQYn66WHrOpPYNljwOMqo10TkYh1fy3cYio2l3bCsQ=
github.com/kr/text v0.1.0/go.mod h1:4Jbv+DJW3UT/LiOwJeYQe1efqtUx/iVham/4vfdArNI=
github.com/launchdarkly/ccache v1.1.0 h1:voD1M+ZJXR3MREOKtBwgTF9hYHl1jg+vFKS/+VAkR2k=
github.com/launchdarkly/ccache v1.1.0/go.mod h1:TlxzrlnzvYeXiLHmesMuvoZetu4Z97cV1SsdqqBJi1Q=
github.com/launchdarkly/eventsource v1.10.0 h1:H9Tp6AfGu/G2qzBJC26iperrvwhzdbiA/gx7qE2nDFI=
github.com/launchdarkly/eventsource v1.10.0/go.mod h1:J3oa50bPvJesZqNAJtb5btSIo5N6roDWhiAS3IpsKck=
github.com/launchdarkly/go-jsonstream/v3 v3.1.1 h1:ugupp2eNtwVbr69KCdeUrm1vUf1/3ju4Wdliaob95uY=
github.com/launchdarkly/go-jsonstream/v3 v3.1.1/go.mod h1:ZBjhKq8mhArCtqotGRGnteY6eXpNm1GaOdUSZHh+ZjM=
github.com/launchdarkly/go-sdk-common/v3 v3.5.0 h1:DsfTimg4BZO2hQPeeeEZYZVsP25pAWEdq/rKv/b7HJU=
github.com/launchdarkly/go-sdk-common/v3 v3.5.0/go.mod h1:6MNeeP8b2VtsM6I3TbShCHW/+tYh2c+p5dB+ilS69sg=
github.com/launchdarkly/go-sdk-events/v3 v3.6.2 h1:X5sxi1Hz5Cj8wOyXiNnJzCcCGiGIy9IOSEk31lCfDXM=
github.com/launchdarkly/go-sdk-events/v3 v3.6.2/go.mod h1:s86HRgbVAHjoQjQEOzgOB+ZKWlU4wwHAeDa/5N6MwO0=
github.com/launchdarkly/go-semver v1.0.3 h1:agIy/RN3SqeQDIfKkl+oFslEdeIs7pgsJBs3CdCcGQM=
github.com/launchdarkly/go-semver v1.0.3/go.mod h1:xFmMwXba5Mb+3h72Z+VeSs9ahCvKo2QFUTHRNHVqR28=
github.com/launchdarkly/go-server-sdk-consul/v3 v3.0.0 h1:AXmmU4rsMxdA75o4a9p+7Pl3SzdfUCLIw7CM7pBRifE=
github.com/launchdarkly/go-server-sdk-consul/v3 v3.0.0/go.mod h1:RhntlD5Y+H4/9xLgSxs2d4AwchgrxfB6EWQJwevTgF8=
github.com/launchdarkly/go-server-sdk-dynamodb/v4 v4.0.1 h1:vyghvEONyk6ADU7Wirjeu0f2tg+boiKqlRkuCv5QV1I=
github.com/launchdarkly/go-server-sdk-dynamodb/v4 v4.0.1/go.mod h1:AdO1sRdjbhSI+w6AVjMbMHa8M2ia7mSjZr5e0031pNo=
github.com/launchdarkly/go-server-sdk-evaluation/v3 v3.0.1 h1:rTgcYAFraGFj7sBMB2b7JCYCm0b9kph4FaMX02t4osQ=
github.com/launchdarkly/go-server-sdk-evaluation/v3 v3.0.1/go.mod h1:fPS5d+zOsgFnMunj+Ki6jjlZtFvo4h9iNbtNXxzYn58=
github.com/launchdarkly/go-server-sdk-redis-go-redis v1.1.0 h1:vakIXWDxa/P0xhtLVQRIBBIaZv4gm1l9rhIUFtvLVaE=
github.com/launchdarkly/go-server-sdk-redis-go-redis v1.1.0/go.mod h1:ds9ixtQFLpkxXcBYCGNBBj0H2uhLVbba1VzM0rTCZWk=
github.com/launchdarkly/go-test-helpers/v2 v2.3.2 h1:WX6qSzt7v8xz6d94nVcoil9ljuLTC/6OzQt0MhWYxsQ=
github.com/launchdarkly/go-test-helpers/v2 v2.3.2/go.mod h1:L7+th5govYp5oKU9iN7To5PgznBuIjBPn+ejqKR0avw=
github.com/launchdarkly/go-test-helpers/v3 v3.1.0 h1:E3bxJMzMoA+cJSF3xxtk2/chr1zshl1ZWa0/oR+8bvg=
github.com/launchdarkly/go-test-helpers/v3 v3.1.0/go.mod h1:Ake5+hZFS/DmIGKx/cizhn5W9pGA7pplcR7xCxWiLIo=
github.com/mailru/easyjson v0.7.7 h1:UGYAvKxe3sBsEDzO8ZeWOSlIQfWFlxbzLZe7hwFURr0=
github.com/mailru/easyjson v0.7.7/go.mod h1:xzfreul335JAWq5oZzymOObrkdz5UnU4kGfJJLY9Nlc=
github.com/mattn/go-colorable v0.0.9/go.mod h1:9vuHe8Xs5qXnSaW/c/ABM9alt+Vo+STaOChaDxuIBZU=
github.com/mattn/go-colorable v0.1.4/go.mod h1:U0ppj6V5qS13XJ6of8GYAs25YV2eR4EVcfRqFIhoBtE=
github.com/mattn/go-colorable v0.1.6 h1:6Su7aK7lXmJ/U79bYtBjLNaha4Fs1Rg9plHpcH+vvnE=
github.com/mattn/go-colorable v0.1.6/go.mod h1:u6P/XSegPjTcexA+o6vUJrdnUu04hMope9wVRipJSqc=
github.com/mattn/go-isatty v0.0.3/go.mod h1:M+lRXTBqGeGNdLjl/ufCoiOlB5xdOkqRJdNxMWT7Zi4=
github.com/mattn/go-isatty v0.0.8/go.mod h1:Iq45c/XA43vh69/j3iqttzPXn0bhXyGjM0Hdxcsrc5s=
github.com/mattn/go-isatty v0.0.10/go.mod h1:qgIWMr58cqv1PHHyhnkY9lrL7etaEgOFcMEpPG5Rm84=
github.com/mattn/go-isatty v0.0.11/go.mod h1:PhnuNfih5lzO57/f3n+odYbM4JtupLOxQOAqxQCu2WE=
github.com/mattn/go-isatty v0.0.12 h1:wuysRhFDzyxgEmMf5xjvJ2M9dZoWAXNNr5LSBS7uHXY=
github.com/mattn/go-isatty v0.0.12/go.mod h1:cbi8OIDigv2wuxKPP5vlRcQ1OAZbq2CE4Kysco4FUpU=
github.com/miekg/dns v1.1.26/go.mod h1:bPDLeHnStXmXAq1m/Ch/hvfNHr14JKNPMBo3VZKjuso=
github.com/miekg/dns v1.1.41 h1:WMszZWJG0XmzbK9FEmzH2TVcqYzFesusSIB41b8KHxY=
github.com/miekg/dns v1.1.41/go.mod h1:p6aan82bvRIyn+zDIv9xYNUpwa73JcSh9BKwknJysuI=
github.com/mitchellh/cli v1.1.0/go.mod h1:xcISNoH86gajksDmfB23e/pu+B+GeFRMYmoHXxx3xhI=
github.com/mitchellh/go-homedir v1.1.0 h1:lukF9ziXFxDFPkA1vsr5zpc1XuPDn/wFntq5mG+4E0Y=
github.com/mitchellh/go-homedir v1.1.0/go.mod h1:SfyaCUpYCn1Vlf4IUYiD9fPX4A5wJrkLzIz1N1q0pr0=
github.com/mitchellh/go-testing-interface v1.0.0 h1:fzU/JVNcaqHQEcVFAKeR41fkiLdIPrefOvVG1VZ96U0=
github.com/mitchellh/go-testing-interface v1.0.0/go.mod h1:kRemZodwjscx+RGhAo8eIhFbs2+BFgRtFPeD/KE+zxI=
github.com/mitchellh/mapstructure v0.0.0-20160808181253-ca63d7c062ee/go.mod h1:FVVH3fgwuzCH5S8UJGiWEs2h04kUh9fWfEaFds41c1Y=
github.com/mitchellh/mapstructure v1.1.2 h1:fmNYVwqnSfB9mZU6OS2O6GsXM+wcskZDuKQzvN1EDeE=
github.com/mitchellh/mapstructure v1.1.2/go.mod h1:FVVH3fgwuzCH5S8UJGiWEs2h04kUh9fWfEaFds41c1Y=
github.com/pascaldekloe/goe v0.0.0-20180627143212-57f6aae5913c h1:Lgl0gzECD8GnQ5QCWA8o6BtfL6mDH5rQgM4/fX3avOs=
github.com/pascaldekloe/goe v0.0.0-20180627143212-57f6aae5913c/go.mod h1:lzWF7FIEvWOWxwDKqyGYQf6ZUaNfKdP144TG7ZOy1lc=
github.com/patrickmn/go-cache v2.1.0+incompatible h1:HRMgzkcYKYpi3C8ajMPV8OFXaaRUnok+kx1WdO15EQc=
github.com/patrickmn/go-cache v2.1.0+incompatible/go.mod h1:3Qf8kWWT7OJRJbdiICTKqZju1ZixQ/KpMGzzAfe6+WQ=
github.com/pkg/errors v0.8.1 h1:iURUrRGxPUNPdy5/HRSm+Yj6okJ6UtLINN0Q9M4+h3I=
github.com/pkg/errors v0.8.1/go.mod h1:bwawxfHBFNV+L2hUp1rHADufV3IMtnDRdf1r5NINEl0=
github.com/pmezard/go-difflib v1.0.0 h1:4DBwDE0NGyQoBHbLQYPwSUPoCMWR5BEzIk/f1lZbAQM=
github.com/pmezard/go-difflib v1.0.0/go.mod h1:iKH77koFhYxTK1pcRnkKkqfTogsbg7gZNVY4sRDYZ/4=
github.com/posener/complete v1.1.1/go.mod h1:em0nMJCgc9GFtwrmVmEMR/ZL6WyhyjMBndrE9hABlRI=
github.com/posener/complete v1.2.3/go.mod h1:WZIdtGGp+qx0sLrYKtIRAruyNpv6hFCicSgv7Sy7s/s=
github.com/redis/go-redis/v9 v9.0.2 h1:BA426Zqe/7r56kCcvxYLWe1mkaz71LKF77GwgFzSxfE=
github.com/redis/go-redis/v9 v9.0.2/go.mod h1:/xDTe9EF1LM61hek62Poq2nzQSGj0xSrEtEHbBQevps=
github.com/ryanuber/columnize v0.0.0-20160712163229-9b3edd62028f/go.mod h1:sm1tb6uqfes/u+d4ooFouqFdy9/2g9QGwK3SQygK0Ts=
github.com/sean-/seed v0.0.0-20170313163322-e2103e2c3529 h1:nn5Wsu0esKSJiIVhscUtVbo7ada43DJhG55ua/hjS5I=
github.com/sean-/seed v0.0.0-20170313163322-e2103e2c3529/go.mod h1:DxrIzT+xaE7yg65j358z/aeFdxmN0P9QXhEzd20vsDc=
github.com/stretchr/objx v0.1.0 h1:4G4v2dO3VZwixGIRoQ5Lfboy6nUhCyYzaqnIAPPhYs4=
github.com/stretchr/objx v0.1.0/go.mod h1:HFkY916IF+rwdDfMAkV7OtwuqBVzrE8GR6GFx+wExME=
github.com/stretchr/testify v1.2.2/go.mod h1:a8OnRcib4nhh0OaRAV+Yts87kKdq0PP7pXfy6kDkUVs=
github.com/stretchr/testify v1.4.0/go.mod h1:j7eGeouHqKxXV5pUuKE4zz7dFj8WfuZ+81PSLYec5m4=
github.com/stretchr/testify v1.6.1/go.mod h1:6Fq8oRcR53rry900zMqJjRRixrwX3KX962/h/Wwjteg=
github.com/stretchr/testify v1.9.0 h1:HtqpIVDClZ4nwg75+f6Lvsy/wHu+3BoSGCbBAcpTsTg=
github.com/stretchr/testify v1.9.0/go.mod h1:r2ic/lqez/lEtzL7wO/rwa5dbSLXVDPFyf8C91i36aY=
github.com/wsxiaoys/terminal v0.0.0-20160513160801-0940f3fc43a0 h1:3UeQBvD0TFrlVjOeLOBz+CPAI8dnbqNSVwUwRrkp7vQ=
github.com/wsxiaoys/terminal v0.0.0-20160513160801-0940f3fc43a0/go.mod h1:IXCdmsXIht47RaVFLEdVnh1t+pgYtTAhQGj73kz+2DM=
golang.org/x/crypto v0.0.0-20190308221718-c2843e01d9a2/go.mod h1:djNgcEr1/C05ACkg1iLfiJU5Ep61QUkGW8qpdssI0+w=
golang.org/x/crypto v0.0.0-20190923035154-9ee001bba392/go.mod h1:/lpIB1dKB+9EgE3H3cr1v9wB50oz8l4C4h62xy7jSTY=
golang.org/x/net v0.0.0-20190404232315-eb5bcb51f2a3/go.mod h1:t9HGtf8HONx5eT2rtn7q6eTqICYqUVnKs3thJo3Qplg=
golang.org/x/net v0.0.0-20190620200207-3b0461eec859/go.mod h1:z5CRVTTTmAJ677TzLLGU+0bjPO0LkuOLi4/5GtJWs/s=
golang.org/x/net v0.0.0-20190923162816-aa69164e4478/go.mod h1:z5CRVTTTmAJ677TzLLGU+0bjPO0LkuOLi4/5GtJWs/s=
golang.org/x/net v0.0.0-20210226172049-e18ecbb05110/go.mod h1:m0MpNAwzfU5UDzcl9v0D8zg8gWTRqZa9RBIspLL5mdg=
golang.org/x/net v0.0.0-20210410081132-afb366fc7cd1 h1:4qWs8cYYH6PoEFy4dfhDFgoMGkwAcETd+MmPdCPMzUc=
golang.org/x/net v0.0.0-20210410081132-afb366fc7cd1/go.mod h1:9tjilg8BloeKEkVJvy7fQ90B1CfIiPueXVOjqfkSzI8=
golang.org/x/sync v0.0.0-20190423024810-112230192c58/go.mod h1:RxMgew5VJxzue5/jJTE5uejpjVlOe/izrB70Jof72aM=
golang.org/x/sync v0.0.0-20210220032951-036812b2e83c/go.mod h1:RxMgew5VJxzue5/jJTE5uejpjVlOe/izrB70Jof72aM=
golang.org/x/sync v0.8.0 h1:3NFvSEYkUoMifnESzZl15y791HH1qU2xm6eCJU5ZPXQ=
golang.org/x/sync v0.8.0/go.mod h1:Czt+wKu1gCyEFDUtn0jG5QVvpJ6rzVqr5aXyt9drQfk=
golang.org/x/sys v0.0.0-20180823144017-11551d06cbcc/go.mod h1:STP8DvDyc/dI5b8T5hshtkjS+E42TnysNCUPdjciGhY=
golang.org/x/sys v0.0.0-20190215142949-d0b11bdaac8a/go.mod h1:STP8DvDyc/dI5b8T5hshtkjS+E42TnysNCUPdjciGhY=
golang.org/x/sys v0.0.0-20190222072716-a9d3bda3a223/go.mod h1:STP8DvDyc/dI5b8T5hshtkjS+E42TnysNCUPdjciGhY=
golang.org/x/sys v0.0.0-20190922100055-0a153f010e69/go.mod h1:h1NjWce9XRLGQEsW7wpKNCjG9DtNlClVuFLEZdDNbEs=
golang.org/x/sys v0.0.0-20190924154521-2837fb4f24fe/go.mod h1:h1NjWce9XRLGQEsW7wpKNCjG9DtNlClVuFLEZdDNbEs=
golang.org/x/sys v0.0.0-20191008105621-543471e840be/go.mod h1:h1NjWce9XRLGQEsW7wpKNCjG9DtNlClVuFLEZdDNbEs=
golang.org/x/sys v0.0.0-20191026070338-33540a1f6037/go.mod h1:h1NjWce9XRLGQEsW7wpKNCjG9DtNlClVuFLEZdDNbEs=
golang.org/x/sys v0.0.0-20200116001909-b77594299b42/go.mod h1:h1NjWce9XRLGQEsW7wpKNCjG9DtNlClVuFLEZdDNbEs=
golang.org/x/sys v0.0.0-20200124204421-9fbb57f87de9/go.mod h1:h1NjWce9XRLGQEsW7wpKNCjG9DtNlClVuFLEZdDNbEs=
golang.org/x/sys v0.0.0-20200223170610-d5e6a3e2c0ae/go.mod h1:h1NjWce9XRLGQEsW7wpKNCjG9DtNlClVuFLEZdDNbEs=
golang.org/x/sys v0.0.0-20201119102817-f84b799fce68/go.mod h1:h1NjWce9XRLGQEsW7wpKNCjG9DtNlClVuFLEZdDNbEs=
golang.org/x/sys v0.0.0-20210303074136-134d130e1a04/go.mod h1:h1NjWce9XRLGQEsW7wpKNCjG9DtNlClVuFLEZdDNbEs=
golang.org/x/sys v0.0.0-20210330210617-4fbd30eecc44/go.mod h1:h1NjWce9XRLGQEsW7wpKNCjG9DtNlClVuFLEZdDNbEs=
golang.org/x/sys v0.38.0 h1:3yZWxaJjBmCWXqhN1qh02AkOnCQ1poK6oF+a7xWL6Gc=
golang.org/x/sys v0.38.0/go.mod h1:OgkHotnGiDImocRcuBABYBEXf8A9a87e/uXjp9XT3ks=
golang.org/x/term v0.0.0-20201126162022-7de9c90e9dd1/go.mod h1:bj7SfCRtBDWHUb9snDiAeCFNEtKQo2Wmx5Cou7ajbmo=
golang.org/x/text v0.3.0/go.mod h1:NqM8EUOU14njkJ3fqMW+pc6Ldnwhi/IjpwHt7yyuwOQ=
golang.org/x/text v0.3.2/go.mod h1:bEr9sfX3Q8Zfm5fL9x+3itogRgK3+ptLWKqgva+5dAk=
golang.org/x/text v0.3.3/go.mod h1:5Zoc/QRtKVWzQhOtBMvqHzDpF6irO9z98xDceosuGiQ=
golang.org/x/text v0.3.6/go.mod h1:5Zoc/QRtKVWzQhOtBMvqHzDpF6irO9z98xDceosuGiQ=
golang.org/x/tools v0.0.0-20180917221912-90fa682c2a6e/go.mod h1:n7NCudcB/nEzxVGmLbDWY5pfWTLqBcC2KZ6jyYvM4mQ=
golang.org/x/tools v0.0.0-20190907020128-2ca718005c18/go.mod h1:b+2E5dAYhXwXZwtnZ6UAqBI28+e2cm9otk0dWdXHAEo=
golang.org/x/xerrors v0.0.0-20190717185122-a985d3407aa7/go.mod h1:I/5z698sn9Ka8TeJc9MKroUUfqBBauWjQqLJ2OPfmY0=
gopkg.in/check.v1 v0.0.0-20161208181325-20d25e280405/go.mod h1:Co6ibVJAznAaIkqp8huTwlJQCZ016jof/cbN4VW5Yz0=
gopkg.in/check.v1 v1.0.0-20190902080502-41f04d3bba15/go.mod h1:Co6ibVJAznAaIkqp8huTwlJQCZ016jof/cbN4VW5Yz0=
gopkg.in/ghodss/yaml.v1 v1.0.0 h1:JlY4R6oVz+ZSvcDhVfNQ/k/8Xo6yb2s1PBhslPZPX4c=
gopkg.in/ghodss/yaml.v1 v1.0.0/go.mod h1:HDvRMPQLqycKPs9nWLuzZWxsxRzISLCRORiDpBUOMqg=
gopkg.in/yaml.v2 v2.2.2/go.mod h1:hI93XBmqTisBFMUTm0b8Fm+jr3Dg1NNxqwp+5A1VGuI=
gopkg.in/yaml.v2 v2.2.8/go.mod h1:hI93XBmqTisBFMUTm0b8Fm+jr3Dg1NNxqwp+5A1VGuI=
gopkg.in/yaml.v2 v2.3.0 h1:clyUAQHOM3G0M3f5vQj7LuJrETvjVot3Z5el9nffUtU=
gopkg.in/yaml.v2 v2.3.0/go.mod h1:hI93XBmqTisBFMUTm0b8Fm+jr3Dg1NNxqwp+5A1VGuI=
gopkg.in/yaml.v3 v3.0.0-20200313102051-9f266ea9e77c/go.mod h1:K4uyk7z7BCEPqu6E+C64Yfv1cQ7kz7rIZviUmN+EgEM=
gopkg.in/yaml.v3 v3.0.1 h1:fxVm/GzAzEWqLHuvctI91KS9hhNmmWOoWu0XTYJS7CA=
gopkg.in/yaml.v3 v3.0.1/go.mod h1:K4uyk7z7BCEPqu6E+C64Yfv1cQ7kz7rIZviUmN+EgEM=
