github.com/davecgh/go-spew v1.1.1 h1:vj9j/u1bqnvCEfJOwUhtlOARqs3+rkHYY13jYWTU97c=
github.com/davecgh/go-spew v1.1.1/go.mod h1:J7Y8YcW2NihsgmVo/mv3lAwl/skON4iLHjSsI+c5H38=
github.com/go-logr/logr v1.2.2/go.mod h1:jdQByPbusPIv2/zmleS9BjJVeZ6kBagPoEUsqbVz/1A=
github.com/go-logr/logr v1.4.1 h1:pKouT5E8xu9zeFC39JXRDukb6JFQPXM5p5I91188VAQ=
github.com/go-logr/logr v1.4.1/go.mod h1:9T104GzyrTigFIr8wt5mBrctHMim0Nb2HLGrmQ40KvY=
github.com/go-logr/stdr v1.2.2 h1:hSWxHoqTgW2S2qGc0LTAI563KZ5YKYRhT3MFKZMbjag=
github.com/go-logr/stdr v1.2.2/go.mod h1:mMo/vtBO5dYbehREoey6XUKy/eSumjCCveDpRre4VKE=
github.com/google/go-cmp v0.6.0 h1:ofyhxvXcZhMsU5ulbFiLKl/XBFqE1GSq7atu8tAmTRI=
github.com/google/go-cmp v0.6.0/go.mod h1:17dUlkBOakJ0+DkrSSNjCkIjxS6bF9zb3elmeNGIjoY=
github.com/josharian/intern v1.0.0 h1:vlS4z54oSdjm0bgjRigI+G1HpF+tI+9rE5LLzOg8HmY=
github.com/josharian/intern v1.0.0/go.mod h1:5DoeVV0s6jJacbCEi61lwdGj/aVlrQvzHFFd8Hwg//Y=
github.com/launchdarkly/go-jsonstream/v3 v3.0.0 h1:qJF/WI09EUJ7kSpmP5d1Rhc81NQdYUhP17McKfUq17E=
github.com/launchdarkly/go-jsonstream/v3 v3.0.0/go.mod h1:/1Gyml6fnD309JOvunOSfyysWbZ/ZzcA120gF/cQtC4=
github.com/launchdarkly/go-sdk-common/v3 v3.1.0 h1:KNCP5rfkOt/25oxGLAVgaU1BgrZnzH9Y/3Z6I8bMwDg=
github.com/launchdarkly/go-sdk-common/v3 v3.1.0/go.mod h1:mXFmDGEh4ydK3QilRhrAyKuf9v44VZQWnINyhqbbOd0=
github.com/launchdarkly/go-server-sdk/v7 v7.2.0/go.mod h1:EY2ag+p9HnNXiG4pJ+y7QG2gqCYEoYD+NJgwkhmUUqk=
github.com/launchdarkly/go-test-helpers/v3 v3.0.2 h1:rh0085g1rVJM5qIukdaQ8z1XTWZztbJ49vRZuveqiuU=
github.com/launchdarkly/go-test-helpers/v3 v3.0.2/go.mod h1:u2ZvJlc/DDJTFrshWW50tWMZHLVYXofuSHUfTU/eIwM=
github.com/mailru/easyjson v0.7.6 h1:8yTIVnZgCoiM1TgqoeTl+LfU5Jg6/xL3QhGQnimLYnA=
github.com/mailru/easyjson v0.7.6/go.mod h1:xzfreul335JAWq5oZzymOObrkdz5UnU4kGfJJLY9Nlc=
github.com/pmezard/go-difflib v1.0.0 h1:4DBwDE0NGyQoBHbLQYPwSUPoCMWR5BEzIk/f1lZbAQM=
github.com/pmezard/go-difflib v1.0.0/go.mod h1:iKH77koFhYxTK1pcRnkKkqfTogsbg7gZNVY4sRDYZ/4=
github.com/stretchr/testify v1.8.4 h1:CcVxjf3Q8PM0mHUKJCdn+eZZtm5yQwehR5yeSVQQcUk=
github.com/stretchr/testify v1.8.4/go.mod h1:sz/lmYIOXD/1dqDmKjjqLyZ2RngseejIcXlSw2iwfAo=
go.opentelemetry.io/otel v1.22.0 h1:xS7Ku+7yTFvDfDraDIJVpw7XPyuHlB9MCiqqX5mcJ6Y=
go.opentelemetry.io/otel v1.22.0/go.mod h1:eoV4iAi3Ea8LkAEI9+GFT44O6T/D0GWAVFyZVCC6pMI=
go.opentelemetry.io/otel/metric v1.22.0 h1:lypMQnGyJYeuYPhOM/bgjbFM6WE44W1/T45er4d8Hhg=
go.opentelemetry.io/otel/metric v1.22.0/go.mod h1:evJGjVpZv0mQ5QBRJoBF64yMuOf4xCWdXjK8pzFvliY=
go.opentelemetry.io/otel/trace v1.22.0 h1:Hg6pPujv0XG9QaVbGOBVHunyuLcCC3jN7WEhPx83XD0=
go.opentelemetry.io/otel/trace v1.22.0/go.mod h1:RbbHXVqKES9QhzZq/fE5UnOSILqRt40a21sPw2He1xo=
golang.org/x/exp v0.0.0-20220823124025-807a23277127 h1:S4NrSKDfihhl3+4jSTgwoIevKxX9p7Iv9x++OEIptDo=
golang.org/x/exp v0.0.0-20220823124025-807a23277127/go.mod h1:cyybsKvd6eL0RnXn6p/Grxp8F5bW7iYuBgsNCOHpMYE=
gopkg.in/yaml.v3 v3.0.1 h1:fxVm/GzAzEWqLHuvctI91KS9hhNmmWOoWu0XTYJS7CA=
gopkg.in/yaml.v3 v3.0.1/go.mod h1:K4uyk7z7BCEPqu6E+C64Yfv1cQ7kz7rIZviUmN+EgEM=
