github.com/alexkappa/mustache v1.0.0 h1:GeF7AKKpKKVq8emIwYRQPsKPDWSGYQGWWSsddge62M4=
github.com/alexkappa/mustache v1.0.0/go.mod h1:6v0WNoCZEQ8K5OZAv82ScIARg2bDqFD+Jl0LWxnApas=
github.com/davecgh/go-spew v1.1.1 h1:vj9j/u1bqnvCEfJOwUhtlOARqs3+rkHYY13jYWTU97c=
github.com/davecgh/go-spew v1.1.1/go.mod h1:J7Y8YcW2NihsgmVo/mv3lAwl/skON4iLHjSsI+c5H38=
github.com/google/uuid v1.1.1 h1:Gkbcsh/GbpXz7lPftLA3P6TYMwjCLYm83jiFQZF/3gY=
github.com/google/uuid v1.1.1/go.mod h1:TIyPZe4MgqvfeYDBFedMoGGpEw/LqOeaOT+nhxU+yHo=
github.com/kr/pretty v0.3.1 h1:flRD4NNwYAUpkphVc1HcthR4KEIFJ65n8Mw5qdRn3LE=
github.com/kr/pretty v0.3.1/go.mod h1:hoEshYVHaxMs3cyo3Yncou5ZscifuDolrwPKZanG3xk=
github.com/kr/text v0.2.0 h1:5Nx0Ya0ZqY2ygV366QzturHI13Jq95ApcVaJBhpS+AY=
github.com/kr/text v0.2.0/go.mod h1:eLer722TekiGuMkidMxC/pM04lWEeraHUUmBw8l2grE=
github.com/launchdarkly/go-jsonstream/v4 v4.0.0 h1:k33tuR18RtCmY27RYAJGNVjpGSdXhUiiyvGdX3zb2kE=
github.com/launchdarkly/go-jsonstream/v4 v4.0.0/go.mod h1:OirC9Dp9TA0HC6Tx8Jc9LcJEIUSXiPrA64leC6ztzgQ=
github.com/launchdarkly/go-sdk-common/v4 v4.0.0 h1:hN8b0RSUKFQRJJwfhPx6//jrIoqb/XpZa7elgv7X4Rc=
github.com/launchdarkly/go-sdk-common/v4 v4.0.0/go.mod h1:63/i9XBMWoHRUCcRdYpeDrFGJAawpTgwFD53knn5M18=
github.com/launchdarkly/go-sdk-events/v3 v3.6.1 h1:9G0h7E03DpQtcOmofjm8Xumq/Epi8DxBcP8OETNr8b8=
github.com/launchdarkly/go-sdk-events/v3 v3.6.1/go.mod h1:P0by/G7koBlFu398iAy+eG3jIVdqFQlyb1UpZUUC4HE=
github.com/launchdarkly/go-server-sdk/v7 v7.15.1 h1:mGzt35HpzxoJbMiq4SAef3zknRdD3qQKMOiXjnCGhqM=
github.com/launchdarkly/go-server-sdk/v7 v7.15.1/go.mod h1:ptjzQg8gjPhRhG0LkmVWnHMXuB3ZXyfQYMFUJn2rNzA=
github.com/launchdarkly/go-test-helpers/v3 v3.1.0 h1:E3bxJMzMoA+cJSF3xxtk2/chr1zshl1ZWa0/oR+8bvg=
github.com/launchdarkly/go-test-helpers/v3 v3.1.0/go.mod h1:Ake5+hZFS/DmIGKx/cizhn5W9pGA7pplcR7xCxWiLIo=
github.com/pmezard/go-difflib v1.0.0 h1:4DBwDE0NGyQoBHbLQYPwSUPoCMWR5BEzIk/f1lZbAQM=
github.com/pmezard/go-difflib v1.0.0/go.mod h1:iKH77koFhYxTK1pcRnkKkqfTogsbg7gZNVY4sRDYZ/4=
github.com/rogpeppe/go-internal v1.9.0 h1:73kH8U+JUqXU8lRuOHeVHaa/SZPifC7BkcraZVejAe8=
github.com/rogpeppe/go-internal v1.9.0/go.mod h1:WtVeX8xhTBvf0smdhujwtBcq4Qrzq/fJaraNFVN+nFs=
github.com/stretchr/testify v1.9.0 h1:HtqpIVDClZ4nwg75+f6Lvsy/wHu+3BoSGCbBAcpTsTg=
github.com/stretchr/testify v1.9.0/go.mod h1:r2ic/lqez/lEtzL7wO/rwa5dbSLXVDPFyf8C91i36aY=
gopkg.in/check.v1 v0.0.0-20161208181325-20d25e280405/go.mod h1:Co6ibVJAznAaIkqp8huTwlJQCZ016jof/cbN4VW5Yz0=
gopkg.in/check.v1 v1.0.0-20201130134442-10cb98267c6c h1:Hei/4ADfdWqJk1ZMxUNpqntNwaWcugrBjAiHlqqRiVk=
gopkg.in/check.v1 v1.0.0-20201130134442-10cb98267c6c/go.mod h1:JHkPIbrfpd72SG/EVd6muEfDQjcINNoR0C8j2r3qZ4Q=
gopkg.in/yaml.v3 v3.0.1 h1:fxVm/GzAzEWqLHuvctI91KS9hhNmmWOoWu0XTYJS7CA=
gopkg.in/yaml.v3 v3.0.1/go.mod h1:K4uyk7z7BCEPqu6E+C64Yfv1cQ7kz7rIZviUmN+EgEM=
